Microsoft Visual Studio Solution File, Format Version 12.00
# Visual Studio Version 16
VisualStudioVersion = 16.0.30011.22
MinimumVisualStudioVersion = 10.0.40219.1
Project("{F184B08F-C81C-45F6-A57F-5ABD9991F28F}") = "Distinct", "Distinct\Distinct.vbproj", "{D335E751-3763-4DAC-8FFE-85FBB791F786}"
EndProject
Project("{778DAE3C-4631-46EA-AA77-85C1314464D9}") = "Distinct_NetCore", "Distinct_NetCore\Distinct_NetCore.vbproj", "{3EF52B0E-1A48-48CB-86EB-D9DDFB344822}"
EndProject
Global
	GlobalSection(SolutionConfigurationPlatforms) = preSolution
		Debug|Any CPU = Debug|Any CPU
		Release|Any CPU = Release|Any CPU
	EndGlobalSection
	GlobalSection(ProjectConfigurationPlatforms) = postSolution
		{D335E751-3763-4DAC-8FFE-85FBB791F786}.Debug|Any CPU.ActiveCfg = Debug|Any CPU
		{D335E751-3763-4DAC-8FFE-85FBB791F786}.Debug|Any CPU.Build.0 = Debug|Any CPU
		{D335E751-3763-4DAC-8FFE-85FBB791F786}.Release|Any CPU.ActiveCfg = Release|Any CPU
		{D335E751-3763-4DAC-8FFE-85FBB791F786}.Release|Any CPU.Build.0 = Release|Any CPU
		{3EF52B0E-1A48-48CB-86EB-D9DDFB344822}.Debug|Any CPU.ActiveCfg = Debug|Any CPU
		{3EF52B0E-1A48-48CB-86EB-D9DDFB344822}.Debug|Any CPU.Build.0 = Debug|Any CPU
		{3EF52B0E-1A48-48CB-86EB-D9DDFB344822}.Release|Any CPU.ActiveCfg = Release|Any CPU
		{3EF52B0E-1A48-48CB-86EB-D9DDFB344822}.Release|Any CPU.Build.0 = Release|Any CPU
	EndGlobalSection
	GlobalSection(SolutionProperties) = preSolution
		HideSolutionNode = FALSE
	EndGlobalSection
	GlobalSection(ExtensibilityGlobals) = postSolution
		SolutionGuid = {5641138F-2860-4FF6-825C-F6C67C887FB8}
	EndGlobalSection
EndGlobal
